{
  "projects": [
    {
      "projectId": "28Ba3BDvRe7EiWdfFNnLB6",
      "version": "2.0.1",
      "dependencies": {},
      "lang": "js",
      "fileLocks": [
        {
          "assetId": "28Ba3BDvRe7EiWdfFNnLB6",
          "type": "projectCss",
          "checksum": "06dab28be1d7e0fe1dcd6bae7d78adeb"
        }
      ],
      "codegenVersion": "0.0.1"
    },
    {
      "projectId": "vZXZgeU1YqYWghemcQX2Q1",
      "version": "latest",
      "dependencies": {
        "28Ba3BDvRe7EiWdfFNnLB6": "2.0.1"
      },
      "lang": "js",
      "fileLocks": [
        {
          "type": "globalVariant",
          "assetId": "gXe7KpKqBjNJL",
          "checksum": "22827325bf2148151404e34b4491ef82"
        },
        {
          "assetId": "vZXZgeU1YqYWghemcQX2Q1",
          "type": "projectCss",
          "checksum": "29e4cc325aca2bc95054f88925a585ca"
        },
        {
          "type": "renderModule",
          "assetId": "h0X7_Kol3yFf",
          "checksum": "8f427140d74e8f7dc7aba4f026241daa"
        },
        {
          "type": "cssRules",
          "assetId": "h0X7_Kol3yFf",
          "checksum": "8f427140d74e8f7dc7aba4f026241daa"
        },
        {
          "type": "renderModule",
          "assetId": "bpJXnYRgPLH",
          "checksum": "e6ab342953d08865e4b56f9f9d6ca5b0"
        },
        {
          "type": "cssRules",
          "assetId": "bpJXnYRgPLH",
          "checksum": "e6ab342953d08865e4b56f9f9d6ca5b0"
        },
        {
          "type": "renderModule",
          "assetId": "MfRpGDkJ8b4",
          "checksum": "03dd575ccbaff05b447d9949df157a56"
        },
        {
          "type": "cssRules",
          "assetId": "MfRpGDkJ8b4",
          "checksum": "03dd575ccbaff05b447d9949df157a56"
        },
        {
          "type": "renderModule",
          "assetId": "IW0QnFgF_g4",
          "checksum": "411b49c2a5bd91d82961fa58d2fd48bc"
        },
        {
          "type": "cssRules",
          "assetId": "IW0QnFgF_g4",
          "checksum": "411b49c2a5bd91d82961fa58d2fd48bc"
        },
        {
          "type": "renderModule",
          "assetId": "4mErNniXH-",
          "checksum": "a8f9477c461d1fce3c2c8c587e5beacf"
        },
        {
          "type": "cssRules",
          "assetId": "4mErNniXH-",
          "checksum": "a8f9477c461d1fce3c2c8c587e5beacf"
        },
        {
          "type": "renderModule",
          "assetId": "yOWAHW-Bl7v",
          "checksum": "c0b840c9b5c7e03202f9045a4913f6ef"
        },
        {
          "type": "cssRules",
          "assetId": "yOWAHW-Bl7v",
          "checksum": "c0b840c9b5c7e03202f9045a4913f6ef"
        },
        {
          "type": "renderModule",
          "assetId": "UMbYnRguAf",
          "checksum": "424dcdc8360ca8686e53260eb458a8b7"
        },
        {
          "type": "cssRules",
          "assetId": "UMbYnRguAf",
          "checksum": "424dcdc8360ca8686e53260eb458a8b7"
        },
        {
          "type": "renderModule",
          "assetId": "uN9VsJ5tvm",
          "checksum": "9a3b498af57986d43245493a036c0e33"
        },
        {
          "type": "cssRules",
          "assetId": "uN9VsJ5tvm",
          "checksum": "9a3b498af57986d43245493a036c0e33"
        },
        {
          "type": "renderModule",
          "assetId": "OHHOce9asx",
          "checksum": "d6f64c084d9b63decd275030069d88fd"
        },
        {
          "type": "cssRules",
          "assetId": "OHHOce9asx",
          "checksum": "d6f64c084d9b63decd275030069d88fd"
        },
        {
          "type": "renderModule",
          "assetId": "nbjVFIWQ4wv",
          "checksum": "f3f8f5427b39061eb3877eb6235da394"
        },
        {
          "type": "cssRules",
          "assetId": "nbjVFIWQ4wv",
          "checksum": "f3f8f5427b39061eb3877eb6235da394"
        },
        {
          "type": "renderModule",
          "assetId": "2YFxA6hcKs",
          "checksum": "8c3377f460a1f7381a1825e1015d7632"
        },
        {
          "type": "cssRules",
          "assetId": "2YFxA6hcKs",
          "checksum": "8c3377f460a1f7381a1825e1015d7632"
        },
        {
          "type": "renderModule",
          "assetId": "-2Xh8VfZof",
          "checksum": "13b3cc83a7c5130e3e9bc252dc7878bc"
        },
        {
          "type": "cssRules",
          "assetId": "-2Xh8VfZof",
          "checksum": "13b3cc83a7c5130e3e9bc252dc7878bc"
        },
        {
          "type": "renderModule",
          "assetId": "ay6Z814B6W",
          "checksum": "d7a63bd4f259a63e8a5496407b5a2db8"
        },
        {
          "type": "cssRules",
          "assetId": "ay6Z814B6W",
          "checksum": "d7a63bd4f259a63e8a5496407b5a2db8"
        },
        {
          "type": "renderModule",
          "assetId": "20c4knu-O3",
          "checksum": "e5bf2f965feb694592dd4538263467ca"
        },
        {
          "type": "cssRules",
          "assetId": "20c4knu-O3",
          "checksum": "e5bf2f965feb694592dd4538263467ca"
        },
        {
          "type": "renderModule",
          "assetId": "6ql_UK2WJy",
          "checksum": "1c85a0060afa98596288ec8a22e619dc"
        },
        {
          "type": "cssRules",
          "assetId": "6ql_UK2WJy",
          "checksum": "1c85a0060afa98596288ec8a22e619dc"
        },
        {
          "type": "renderModule",
          "assetId": "_PI7_BduYq",
          "checksum": "416d6d9f5269ba49b8c1477bde878c2d"
        },
        {
          "type": "cssRules",
          "assetId": "_PI7_BduYq",
          "checksum": "416d6d9f5269ba49b8c1477bde878c2d"
        },
        {
          "type": "renderModule",
          "assetId": "TsikC-dst8p",
          "checksum": "9f2733f50495a41f97536e2336048052"
        },
        {
          "type": "cssRules",
          "assetId": "TsikC-dst8p",
          "checksum": "9f2733f50495a41f97536e2336048052"
        },
        {
          "type": "renderModule",
          "assetId": "VbkWmUKrYAc",
          "checksum": "3f2aabd0007a23c5781f471c2fda8444"
        },
        {
          "type": "cssRules",
          "assetId": "VbkWmUKrYAc",
          "checksum": "3f2aabd0007a23c5781f471c2fda8444"
        },
        {
          "type": "renderModule",
          "assetId": "NIyfODJbPf",
          "checksum": "9e7d79cd486fbc7fb7c4ece9ed3fbe5a"
        },
        {
          "type": "cssRules",
          "assetId": "NIyfODJbPf",
          "checksum": "9e7d79cd486fbc7fb7c4ece9ed3fbe5a"
        },
        {
          "type": "icon",
          "assetId": "uwRFoKRiRo0",
          "checksum": "3c295e215f19bac27a309e5a4ea092db"
        },
        {
          "type": "icon",
          "assetId": "xVPqqdg0u_X",
          "checksum": "c4bbbb6b370ab92c840e4202b764c2a7"
        },
        {
          "type": "icon",
          "assetId": "uw7miSE_556",
          "checksum": "fc2346ba18cc76dd0110572264f2e42c"
        },
        {
          "type": "icon",
          "assetId": "r0VIWCXgXea",
          "checksum": "d2c57906ce3946035d6b0bf41ea7b6d5"
        },
        {
          "type": "icon",
          "assetId": "8zif84K6DYd",
          "checksum": "18edf81210c89673fc544ac424406f10"
        },
        {
          "type": "icon",
          "assetId": "VIj65QLgOQz",
          "checksum": "587c472cf2a90f4c6c89ade967fa5bae"
        },
        {
          "type": "icon",
          "assetId": "D86HjSbWz0",
          "checksum": "c22d2fb0f61818a52c968f988e085332"
        },
        {
          "type": "image",
          "assetId": "VxvhkSSEb8p",
          "checksum": "52e49808e715fa9877eaa2947c7e1c41"
        },
        {
          "type": "image",
          "assetId": "i7DNEA0Hv",
          "checksum": "78635a6521dff7a9de2875c5edde4657"
        },
        {
          "type": "image",
          "assetId": "0ogBnqvGW",
          "checksum": "cd5b35fb6ef91a08ee9cfe7564fd3e26"
        },
        {
          "type": "image",
          "assetId": "vqv29easr",
          "checksum": "048058247477d5587f48264603bb7ce8"
        },
        {
          "type": "image",
          "assetId": "FonOddKFu",
          "checksum": "3da94a02a1f7a0780e10841d36a0fc93"
        },
        {
          "type": "image",
          "assetId": "bLPfRBADl",
          "checksum": "b9ccf037f9b78f0514b3f0e320933daa"
        },
        {
          "type": "image",
          "assetId": "rVJcrYYby",
          "checksum": "ad4f5b26870bb8bcccbf766a6ba49c81"
        },
        {
          "type": "image",
          "assetId": "w6-A1aQJZ",
          "checksum": "77003fe034aa62b63bdcb13f1a8b1d89"
        },
        {
          "type": "image",
          "assetId": "82gXAfy7J",
          "checksum": "a0a28da0246941860ac9fa945242fa30"
        },
        {
          "type": "image",
          "assetId": "3zKwyUJse",
          "checksum": "c0e37d235ce24961d73eabf47894c0ee"
        },
        {
          "type": "image",
          "assetId": "nfdcEbI1V",
          "checksum": "97d92387573a036007cd1c3ab5263f62"
        },
        {
          "type": "image",
          "assetId": "N0eB8fvpc",
          "checksum": "aef02db6c076863423eec68577ba39b9"
        },
        {
          "type": "image",
          "assetId": "COPWKTL6T",
          "checksum": "331dd049f1e3e6c485e2aabf99cf7737"
        },
        {
          "type": "image",
          "assetId": "9fMA-TK7i",
          "checksum": "8d0ff6875dfbe13fd1998cbd6dc375c6"
        }
      ],
      "codegenVersion": "0.0.1"
    }
  ],
  "cliVersion": "0.1.178"
}
