{
  "projects": [
    {
      "projectId": "28Ba3BDvRe7EiWdfFNnLB6",
      "version": "2.0.1",
      "dependencies": {},
      "lang": "js",
      "fileLocks": [
        {
          "assetId": "28Ba3BDvRe7EiWdfFNnLB6",
          "type": "projectCss",
          "checksum": "06dab28be1d7e0fe1dcd6bae7d78adeb"
        }
      ],
      "codegenVersion": "0.0.1"
    },
    {
      "projectId": "vZXZgeU1YqYWghemcQX2Q1",
      "version": "latest",
      "dependencies": {
        "28Ba3BDvRe7EiWdfFNnLB6": "2.0.1",
        "szjgMQpPpxhmkjnaBvZQJG": "1.0.4",
        "84wxoth5npGrp6RRXPL88z": "4.0.1"
      },
      "lang": "js",
      "fileLocks": [
        {
          "type": "globalVariant",
          "assetId": "gXe7KpKqBjNJL",
          "checksum": "22827325bf2148151404e34b4491ef82"
        },
        {
          "type": "renderModule",
          "assetId": "h0X7_Kol3yFf",
          "checksum": "2ac0e5d57691abfc04186e200bd4ef56"
        },
        {
          "type": "cssRules",
          "assetId": "h0X7_Kol3yFf",
          "checksum": "2ac0e5d57691abfc04186e200bd4ef56"
        },
        {
          "type": "renderModule",
          "assetId": "bpJXnYRgPLH",
          "checksum": "e6ab342953d08865e4b56f9f9d6ca5b0"
        },
        {
          "type": "cssRules",
          "assetId": "bpJXnYRgPLH",
          "checksum": "e6ab342953d08865e4b56f9f9d6ca5b0"
        },
        {
          "type": "renderModule",
          "assetId": "MfRpGDkJ8b4",
          "checksum": "b6a6f09cfce6a22fa79a533f24581203"
        },
        {
          "type": "cssRules",
          "assetId": "MfRpGDkJ8b4",
          "checksum": "b6a6f09cfce6a22fa79a533f24581203"
        },
        {
          "type": "renderModule",
          "assetId": "IW0QnFgF_g4",
          "checksum": "c677ec57c779668da2af28ae6efc2803"
        },
        {
          "type": "cssRules",
          "assetId": "IW0QnFgF_g4",
          "checksum": "c677ec57c779668da2af28ae6efc2803"
        },
        {
          "type": "renderModule",
          "assetId": "4mErNniXH-",
          "checksum": "e7897fc506418ae0b748d9d9f338fa35"
        },
        {
          "type": "cssRules",
          "assetId": "4mErNniXH-",
          "checksum": "e7897fc506418ae0b748d9d9f338fa35"
        },
        {
          "type": "renderModule",
          "assetId": "yOWAHW-Bl7v",
          "checksum": "c0b840c9b5c7e03202f9045a4913f6ef"
        },
        {
          "type": "cssRules",
          "assetId": "yOWAHW-Bl7v",
          "checksum": "c0b840c9b5c7e03202f9045a4913f6ef"
        },
        {
          "type": "renderModule",
          "assetId": "UMbYnRguAf",
          "checksum": "424dcdc8360ca8686e53260eb458a8b7"
        },
        {
          "type": "cssRules",
          "assetId": "UMbYnRguAf",
          "checksum": "424dcdc8360ca8686e53260eb458a8b7"
        },
        {
          "type": "renderModule",
          "assetId": "uN9VsJ5tvm",
          "checksum": "a5b93d384e6e9e7b6342aeab4ebfbae7"
        },
        {
          "type": "cssRules",
          "assetId": "uN9VsJ5tvm",
          "checksum": "a5b93d384e6e9e7b6342aeab4ebfbae7"
        },
        {
          "type": "renderModule",
          "assetId": "OHHOce9asx",
          "checksum": "4c1bbac52119d6fbea2e2d42f0532ba9"
        },
        {
          "type": "cssRules",
          "assetId": "OHHOce9asx",
          "checksum": "4c1bbac52119d6fbea2e2d42f0532ba9"
        },
        {
          "type": "renderModule",
          "assetId": "nbjVFIWQ4wv",
          "checksum": "f3f8f5427b39061eb3877eb6235da394"
        },
        {
          "type": "cssRules",
          "assetId": "nbjVFIWQ4wv",
          "checksum": "f3f8f5427b39061eb3877eb6235da394"
        },
        {
          "type": "renderModule",
          "assetId": "2YFxA6hcKs",
          "checksum": "df9ad168b2dc6c92c9c75c659ca01caa"
        },
        {
          "type": "cssRules",
          "assetId": "2YFxA6hcKs",
          "checksum": "df9ad168b2dc6c92c9c75c659ca01caa"
        },
        {
          "type": "renderModule",
          "assetId": "-2Xh8VfZof",
          "checksum": "8ed0067bf574d947a315c55647a6627d"
        },
        {
          "type": "cssRules",
          "assetId": "-2Xh8VfZof",
          "checksum": "8ed0067bf574d947a315c55647a6627d"
        },
        {
          "type": "renderModule",
          "assetId": "ay6Z814B6W",
          "checksum": "d7a63bd4f259a63e8a5496407b5a2db8"
        },
        {
          "type": "cssRules",
          "assetId": "ay6Z814B6W",
          "checksum": "d7a63bd4f259a63e8a5496407b5a2db8"
        },
        {
          "type": "renderModule",
          "assetId": "20c4knu-O3",
          "checksum": "e5bf2f965feb694592dd4538263467ca"
        },
        {
          "type": "cssRules",
          "assetId": "20c4knu-O3",
          "checksum": "e5bf2f965feb694592dd4538263467ca"
        },
        {
          "type": "renderModule",
          "assetId": "6ql_UK2WJy",
          "checksum": "88c5c7ef4a64ff08b498ab5f646168d7"
        },
        {
          "type": "cssRules",
          "assetId": "6ql_UK2WJy",
          "checksum": "88c5c7ef4a64ff08b498ab5f646168d7"
        },
        {
          "type": "renderModule",
          "assetId": "_PI7_BduYq",
          "checksum": "e449974e3a2d259618123157e5ab87bf"
        },
        {
          "type": "cssRules",
          "assetId": "_PI7_BduYq",
          "checksum": "e449974e3a2d259618123157e5ab87bf"
        },
        {
          "type": "renderModule",
          "assetId": "TsikC-dst8p",
          "checksum": "94474894349e1fc3aeea35b69afcff72"
        },
        {
          "type": "cssRules",
          "assetId": "TsikC-dst8p",
          "checksum": "94474894349e1fc3aeea35b69afcff72"
        },
        {
          "type": "renderModule",
          "assetId": "VbkWmUKrYAc",
          "checksum": "55e06dd49c19716bec37b4abcb1c8781"
        },
        {
          "type": "cssRules",
          "assetId": "VbkWmUKrYAc",
          "checksum": "55e06dd49c19716bec37b4abcb1c8781"
        },
        {
          "type": "renderModule",
          "assetId": "NIyfODJbPf",
          "checksum": "9e7d79cd486fbc7fb7c4ece9ed3fbe5a"
        },
        {
          "type": "cssRules",
          "assetId": "NIyfODJbPf",
          "checksum": "9e7d79cd486fbc7fb7c4ece9ed3fbe5a"
        },
        {
          "type": "icon",
          "assetId": "uwRFoKRiRo0",
          "checksum": "3c295e215f19bac27a309e5a4ea092db"
        },
        {
          "type": "icon",
          "assetId": "xVPqqdg0u_X",
          "checksum": "c4bbbb6b370ab92c840e4202b764c2a7"
        },
        {
          "type": "icon",
          "assetId": "uw7miSE_556",
          "checksum": "fc2346ba18cc76dd0110572264f2e42c"
        },
        {
          "type": "icon",
          "assetId": "r0VIWCXgXea",
          "checksum": "d2c57906ce3946035d6b0bf41ea7b6d5"
        },
        {
          "type": "icon",
          "assetId": "8zif84K6DYd",
          "checksum": "18edf81210c89673fc544ac424406f10"
        },
        {
          "type": "icon",
          "assetId": "VIj65QLgOQz",
          "checksum": "587c472cf2a90f4c6c89ade967fa5bae"
        },
        {
          "type": "icon",
          "assetId": "D86HjSbWz0",
          "checksum": "c22d2fb0f61818a52c968f988e085332"
        },
        {
          "type": "image",
          "assetId": "VxvhkSSEb8p",
          "checksum": "52e49808e715fa9877eaa2947c7e1c41"
        },
        {
          "type": "image",
          "assetId": "i7DNEA0Hv",
          "checksum": "78635a6521dff7a9de2875c5edde4657"
        },
        {
          "type": "image",
          "assetId": "0ogBnqvGW",
          "checksum": "cd5b35fb6ef91a08ee9cfe7564fd3e26"
        },
        {
          "type": "image",
          "assetId": "vqv29easr",
          "checksum": "048058247477d5587f48264603bb7ce8"
        },
        {
          "type": "image",
          "assetId": "FonOddKFu",
          "checksum": "3da94a02a1f7a0780e10841d36a0fc93"
        },
        {
          "type": "image",
          "assetId": "bLPfRBADl",
          "checksum": "b9ccf037f9b78f0514b3f0e320933daa"
        },
        {
          "type": "image",
          "assetId": "rVJcrYYby",
          "checksum": "ad4f5b26870bb8bcccbf766a6ba49c81"
        },
        {
          "type": "image",
          "assetId": "w6-A1aQJZ",
          "checksum": "77003fe034aa62b63bdcb13f1a8b1d89"
        },
        {
          "type": "image",
          "assetId": "82gXAfy7J",
          "checksum": "a0a28da0246941860ac9fa945242fa30"
        },
        {
          "type": "image",
          "assetId": "3zKwyUJse",
          "checksum": "c0e37d235ce24961d73eabf47894c0ee"
        },
        {
          "type": "image",
          "assetId": "nfdcEbI1V",
          "checksum": "97d92387573a036007cd1c3ab5263f62"
        },
        {
          "type": "image",
          "assetId": "N0eB8fvpc",
          "checksum": "aef02db6c076863423eec68577ba39b9"
        },
        {
          "type": "image",
          "assetId": "COPWKTL6T",
          "checksum": "331dd049f1e3e6c485e2aabf99cf7737"
        },
        {
          "type": "image",
          "assetId": "9fMA-TK7i",
          "checksum": "8d0ff6875dfbe13fd1998cbd6dc375c6"
        },
        {
          "assetId": "vZXZgeU1YqYWghemcQX2Q1",
          "checksum": "5250469b7fe5ce5484778e93952672a1",
          "type": "globalContexts"
        },
        {
          "type": "image",
          "assetId": "HcXD80Z3l",
          "checksum": "99a3edc27bfda4206acbe150b132b90e"
        },
        {
          "type": "image",
          "assetId": "OV0v55gYA",
          "checksum": "bd97aa41ad3bebb0cd1eb4b4bfd14a04"
        },
        {
          "type": "image",
          "assetId": "I-eamCB-s",
          "checksum": "0a312f4b218b18ccc5635fc0a96661be"
        },
        {
          "type": "renderModule",
          "assetId": "zSCV1taeld",
          "checksum": "fd1e6a8ef5237f02347a7f70d24bd5c4"
        },
        {
          "type": "cssRules",
          "assetId": "zSCV1taeld",
          "checksum": "fd1e6a8ef5237f02347a7f70d24bd5c4"
        },
        {
          "type": "renderModule",
          "assetId": "JFRETcG6RZ",
          "checksum": "9e99085745a0081bae627c3d5b3aeed3"
        },
        {
          "type": "cssRules",
          "assetId": "JFRETcG6RZ",
          "checksum": "9e99085745a0081bae627c3d5b3aeed3"
        },
        {
          "assetId": "vZXZgeU1YqYWghemcQX2Q1",
          "type": "projectCss",
          "checksum": "29e4cc325aca2bc95054f88925a585ca"
        }
      ],
      "codegenVersion": "0.0.1"
    },
    {
      "projectId": "84wxoth5npGrp6RRXPL88z",
      "version": "4.0.1",
      "dependencies": {},
      "lang": "js",
      "fileLocks": [
        {
          "assetId": "84wxoth5npGrp6RRXPL88z",
          "type": "projectCss",
          "checksum": "5c8ed3f9d21de61cb1f7d14b9fa7a39a"
        },
        {
          "assetId": "84wxoth5npGrp6RRXPL88z",
          "checksum": "96a6914c3505128734b325290a18cb2c",
          "type": "globalContexts"
        }
      ],
      "codegenVersion": "0.0.1"
    },
    {
      "projectId": "szjgMQpPpxhmkjnaBvZQJG",
      "version": "1.0.4",
      "dependencies": {},
      "lang": "js",
      "fileLocks": [
        {
          "type": "globalVariant",
          "assetId": "ckLLdnw4lO",
          "checksum": "cc55311cbf027bd3c58f035249c4481a"
        },
        {
          "assetId": "szjgMQpPpxhmkjnaBvZQJG",
          "type": "projectCss",
          "checksum": "333ea50d389ae8cdc5cce45cdbdb5b31"
        }
      ],
      "codegenVersion": "0.0.1"
    }
  ],
  "cliVersion": "0.1.178"
}
